
Microsoft Visual Studio Solution File, Format Version 12.00
# Visual Studio Version 17
VisualStudioVersion = 17.8.34330.188
MinimumVisualStudioVersion = 10.0.40219.1
Project("{FAE04EC0-301F-11D3-BF4B-00C04F79EFBC}") = "JobFinder", "JobFinder\JobFinder.csproj", "{28B8C0EF-D6CD-4904-90F0-23149B28C0D1}"
EndProject
Global
	GlobalSection(SolutionConfigurationPlatforms) = preSolution
		Debug|Any CPU = Debug|Any CPU
		Release|Any CPU = Release|Any CPU
	EndGlobalSection
	GlobalSection(ProjectConfigurationPlatforms) = postSolution
		{28B8C0EF-D6CD-4904-90F0-23149B28C0D1}.Debug|Any CPU.ActiveCfg = Debug|Any CPU
		{28B8C0EF-D6CD-4904-90F0-23149B28C0D1}.Debug|Any CPU.Build.0 = Debug|Any CPU
		{28B8C0EF-D6CD-4904-90F0-23149B28C0D1}.Release|Any CPU.ActiveCfg = Release|Any CPU
		{28B8C0EF-D6CD-4904-90F0-23149B28C0D1}.Release|Any CPU.Build.0 = Release|Any CPU
	EndGlobalSection
	GlobalSection(SolutionProperties) = preSolution
		HideSolutionNode = FALSE
	EndGlobalSection
	GlobalSection(ExtensibilityGlobals) = postSolution
		SolutionGuid = {DD4A4DF5-6C3E-4FDC-9D37-A33C130EF4E7}
	EndGlobalSection
EndGlobal
